
Microsoft Visual Studio Solution File, Format Version 12.00
# Visual Studio Version 16
VisualStudioVersion = 16.0.31410.357
MinimumVisualStudioVersion = 10.0.40219.1
Project("{FAE04EC0-301F-11D3-BF4B-00C04F79EFBC}") = "AttendanceApi", "AttendanceApi\AttendanceApi.csproj", "{9E4FBE5E-0122-4128-811E-90F89F9355F9}"
EndProject
Global
	GlobalSection(SolutionConfigurationPlatforms) = preSolution
		Debug|Any CPU = Debug|Any CPU
		Release|Any CPU = Release|Any CPU
	EndGlobalSection
	GlobalSection(ProjectConfigurationPlatforms) = postSolution
		{9E4FBE5E-0122-4128-811E-90F89F9355F9}.Debug|Any CPU.ActiveCfg = Debug|Any CPU
		{9E4FBE5E-0122-4128-811E-90F89F9355F9}.Debug|Any CPU.Build.0 = Debug|Any CPU
		{9E4FBE5E-0122-4128-811E-90F89F9355F9}.Release|Any CPU.ActiveCfg = Release|Any CPU
		{9E4FBE5E-0122-4128-811E-90F89F9355F9}.Release|Any CPU.Build.0 = Release|Any CPU
	EndGlobalSection
	GlobalSection(SolutionProperties) = preSolution
		HideSolutionNode = FALSE
	EndGlobalSection
	GlobalSection(ExtensibilityGlobals) = postSolution
		SolutionGuid = {B23458FD-8D43-400C-991A-76A6AF9A1FB8}
	EndGlobalSection
EndGlobal
