
Microsoft Visual Studio Solution File, Format Version 12.00
# Visual Studio Version 16
VisualStudioVersion = 16.0.31410.357
MinimumVisualStudioVersion = 10.0.40219.1
Project("{FAE04EC0-301F-11D3-BF4B-00C04F79EFBC}") = "TransportClass", "TransportClass\TransportClass.csproj", "{3F7F03B3-24D3-422D-8BAE-B491B6A82ED0}"
EndProject
Global
	GlobalSection(SolutionConfigurationPlatforms) = preSolution
		Debug|Any CPU = Debug|Any CPU
		Release|Any CPU = Release|Any CPU
	EndGlobalSection
	GlobalSection(ProjectConfigurationPlatforms) = postSolution
		{3F7F03B3-24D3-422D-8BAE-B491B6A82ED0}.Debug|Any CPU.ActiveCfg = Debug|Any CPU
		{3F7F03B3-24D3-422D-8BAE-B491B6A82ED0}.Debug|Any CPU.Build.0 = Debug|Any CPU
		{3F7F03B3-24D3-422D-8BAE-B491B6A82ED0}.Release|Any CPU.ActiveCfg = Release|Any CPU
		{3F7F03B3-24D3-422D-8BAE-B491B6A82ED0}.Release|Any CPU.Build.0 = Release|Any CPU
	EndGlobalSection
	GlobalSection(SolutionProperties) = preSolution
		HideSolutionNode = FALSE
	EndGlobalSection
	GlobalSection(ExtensibilityGlobals) = postSolution
		SolutionGuid = {7C6C6CF3-F862-489E-9994-CB472C07C667}
	EndGlobalSection
EndGlobal
