
Microsoft Visual Studio Solution File, Format Version 12.00
# Visual Studio Version 16
VisualStudioVersion = 16.0.31321.278
MinimumVisualStudioVersion = 10.0.40219.1
Project("{FAE04EC0-301F-11D3-BF4B-00C04F79EFBC}") = "ChainOfResponsibility", "ChainOfResponsibility\ChainOfResponsibility.csproj", "{2B56E512-C845-401B-9435-4A77FDFB5845}"
EndProject
Global
	GlobalSection(SolutionConfigurationPlatforms) = preSolution
		Debug|Any CPU = Debug|Any CPU
		Release|Any CPU = Release|Any CPU
	EndGlobalSection
	GlobalSection(ProjectConfigurationPlatforms) = postSolution
		{2B56E512-C845-401B-9435-4A77FDFB5845}.Debug|Any CPU.ActiveCfg = Debug|Any CPU
		{2B56E512-C845-401B-9435-4A77FDFB5845}.Debug|Any CPU.Build.0 = Debug|Any CPU
		{2B56E512-C845-401B-9435-4A77FDFB5845}.Release|Any CPU.ActiveCfg = Release|Any CPU
		{2B56E512-C845-401B-9435-4A77FDFB5845}.Release|Any CPU.Build.0 = Release|Any CPU
	EndGlobalSection
	GlobalSection(SolutionProperties) = preSolution
		HideSolutionNode = FALSE
	EndGlobalSection
	GlobalSection(ExtensibilityGlobals) = postSolution
		SolutionGuid = {E03DFA4D-3E38-4517-9B31-C64AB4012A0F}
	EndGlobalSection
EndGlobal
