
Microsoft Visual Studio Solution File, Format Version 12.00
# Visual Studio Version 16
VisualStudioVersion = 16.0.31321.278
MinimumVisualStudioVersion = 10.0.40219.1
Project("{FAE04EC0-301F-11D3-BF4B-00C04F79EFBC}") = "Iterator", "Iterator\Iterator.csproj", "{71A58006-02BF-4FAF-8C22-B2CF517FC26B}"
EndProject
Global
	GlobalSection(SolutionConfigurationPlatforms) = preSolution
		Debug|Any CPU = Debug|Any CPU
		Release|Any CPU = Release|Any CPU
	EndGlobalSection
	GlobalSection(ProjectConfigurationPlatforms) = postSolution
		{71A58006-02BF-4FAF-8C22-B2CF517FC26B}.Debug|Any CPU.ActiveCfg = Debug|Any CPU
		{71A58006-02BF-4FAF-8C22-B2CF517FC26B}.Debug|Any CPU.Build.0 = Debug|Any CPU
		{71A58006-02BF-4FAF-8C22-B2CF517FC26B}.Release|Any CPU.ActiveCfg = Release|Any CPU
		{71A58006-02BF-4FAF-8C22-B2CF517FC26B}.Release|Any CPU.Build.0 = Release|Any CPU
	EndGlobalSection
	GlobalSection(SolutionProperties) = preSolution
		HideSolutionNode = FALSE
	EndGlobalSection
	GlobalSection(ExtensibilityGlobals) = postSolution
		SolutionGuid = {5E6D5B86-E530-4665-8C61-95CC2C1F316A}
	EndGlobalSection
EndGlobal
